
Microsoft Visual Studio Solution File, Format Version 12.00
# Visual Studio Version 17
VisualStudioVersion = 17.9.34728.123
MinimumVisualStudioVersion = 10.0.40219.1
Project("{9A19103F-16F7-4668-BE54-9A1E7A4F7556}") = "TipRecipe", "TipRecipe\TipRecipe.csproj", "{305CA058-DDFB-4A8F-84FC-31BD94F7CA9C}"
EndProject
Project("{2150E333-8FDC-42A3-9474-1A3956D46DE8}") = "Solution Items", "Solution Items", "{A119C225-DFE6-45D1-B9C2-99F00F16A77F}"
	ProjectSection(SolutionItems) = preProject
		manifests\deployment.yml = manifests\deployment.yml
		Dockerfile = Dockerfile
		manifests\service.yml = manifests\service.yml
	EndProjectSection
EndProject
Global
	GlobalSection(SolutionConfigurationPlatforms) = preSolution
		Debug|Any CPU = Debug|Any CPU
		Release|Any CPU = Release|Any CPU
	EndGlobalSection
	GlobalSection(ProjectConfigurationPlatforms) = postSolution
		{305CA058-DDFB-4A8F-84FC-31BD94F7CA9C}.Debug|Any CPU.ActiveCfg = Debug|Any CPU
		{305CA058-DDFB-4A8F-84FC-31BD94F7CA9C}.Debug|Any CPU.Build.0 = Debug|Any CPU
		{305CA058-DDFB-4A8F-84FC-31BD94F7CA9C}.Release|Any CPU.ActiveCfg = Release|Any CPU
		{305CA058-DDFB-4A8F-84FC-31BD94F7CA9C}.Release|Any CPU.Build.0 = Release|Any CPU
	EndGlobalSection
	GlobalSection(SolutionProperties) = preSolution
		HideSolutionNode = FALSE
	EndGlobalSection
	GlobalSection(ExtensibilityGlobals) = postSolution
		SolutionGuid = {5B57CADF-4431-4240-BCA3-C92F8D941301}
	EndGlobalSection
EndGlobal
